# THIS IS AN AUTOGENERATED FILE. DO NOT EDIT THIS FILE DIRECTLY.
assets/INDEX.scss.liquid:
  development: 2017-09-10T14:36:08-04:00   0b66d9e50a2e3055ac44cbb293d7c704
assets/ajax-cart.js.liquid:
  development: 2017-09-03T17:39:37-04:00   f695079b38e6293d6f1aa2eb1b95a7d4
assets/fastclick.min.js:
  development: 2017-09-03T17:39:39-04:00   4c68290ccc4d503561895dff0821621f
assets/gift-card.scss.liquid:
  development: 2017-09-03T17:39:39-04:00   c4d99d6414af35760c5112b609962e87
assets/handlebars.min.js:
  development: 2017-09-03T17:39:40-04:00   b3c11508a224ee83f86e2fc6491e9751
assets/jquery.detect_swipe.js:
  development: 2017-09-03T17:39:41-04:00   e1c0ae0a329a673fbbe6c6eec261084d
assets/jquery.min.js:
  development: 2017-09-03T17:39:41-04:00   d021c983bd6e7291b43a5cc1fb2ebe99
assets/mm-init.js:
  development: 2017-09-03T17:39:42-04:00   489c00e1c529a36360a509a3a30c4f14
assets/modernizr.min.js:
  development: 2017-09-03T17:39:42-04:00   dc21cffad945a84cbbe770d52b1a0ded
assets/respond-proxy.html:
  development: 2017-09-03T17:39:44-04:00   75002d74a330bff6bf069284da503b4c
assets/respond.min.js:
  development: 2017-09-03T17:39:44-04:00   a2684e9b8fa50d6d11c56a9ada068528
assets/rivets-cart.min.js:
  development: 2017-09-03T17:39:44-04:00   3fbc557214bbbf2a10b48c4f0a0649f1
assets/swatches.js.liquid:
  development: 2017-09-03T17:40:30-04:00   15f3ccd196e3a77c0aef69202db16923
assets/timber.js.liquid:
  development: 2017-09-03T17:40:31-04:00   a0f019e811556c7332fb001869a34e29
assets/unsure.scss.liquid:
  development: 2017-09-10T14:36:43-04:00   ab0cb493478371089710373b984bdb92
config/settings_schema.json:
  development: 2017-09-03T17:40:31-04:00   070eef64859c7850301f5beb03de6783
layout/theme.checkout.liquid:
  development: 2017-09-03T17:40:31-04:00   524d04f842641887825255d714945d6f
layout/theme.liquid:
  development: 2017-09-10T14:36:41-04:00   2aa11707596db8023328916e17f42d7d
locales/de.json:
  development: 2017-09-10T14:36:26-04:00   585899bd4424d43afa93b72083a5aa0e
locales/en.default.json:
  development: 2017-09-10T14:36:26-04:00   0a791f30da40a2af3f9b331f7d3ec7fe
locales/es.json:
  development: 2017-09-10T14:36:26-04:00   e1095d0bd282d98ace9c18e5973bb6bf
locales/fr.json:
  development: 2017-09-10T14:36:25-04:00   95311e190dd74a4665d004f60dda8ad2
locales/pt-BR.json:
  development: 2017-09-10T14:36:08-04:00   3bc832b43077ef1681f2fe4be3eda8c9
locales/pt-PT.json:
  development: 2017-09-10T14:36:19-04:00   6ddf443592f389ff55aa739569736f47
snippets/ajax-cart-drawer.liquid:
  development: 2017-09-03T17:40:31-04:00   f8f9c3d563d87cd6902ef98a820e53f0
snippets/ajax-cart-template.liquid:
  development: 2017-09-03T17:40:31-04:00   5701e51bbe8243b0630fd8dc1c838812
snippets/blog-sidebar.liquid:
  development: 2017-09-03T17:40:31-04:00   ae3891e372509ded7074e50b2a97f438
snippets/breadcrumb-highlight.liquid:
  development: 2017-09-03T17:40:31-04:00   5aa536308221de9bb243c4bc827bb166
snippets/breadcrumb.liquid:
  development: 2017-09-03T17:40:31-04:00   04480d636cc99e11c305006e9442fcf6
snippets/cart-counter.liquid:
  development: 2017-09-03T17:40:31-04:00   0c1e73e8643d54ce67a2ae01c572382c
snippets/cart-drawer.liquid:
  development: 2017-09-03T17:40:31-04:00   4067efedeba9180a475894d71e1f8815
snippets/collection--add-to-cart.liquid:
  development: 2017-09-03T17:40:31-04:00   d9c3c211cc93a3720e7e2212ed80ce0c
snippets/collection--filter.liquid:
  development: 2017-09-10T14:36:54-04:00   a50db7f44344577cdb0182245cb64386
snippets/collection--header.liquid:
  development: 2017-09-03T17:40:32-04:00   d7cd5fcbfa8cf26b445e50e519c52041
snippets/collection--icons.liquid:
  development: 2017-09-10T14:36:35-04:00   a0ce85229d527ba3dd19a7a5d7d1ba0d
snippets/collection--product-grid-item.liquid:
  development: 2017-09-10T14:36:18-04:00   6508e7bc729bc83b68cdbc753bcb658e
snippets/collection--product-grid-swatches.liquid:
  development: 2017-09-10T14:36:12-04:00   e885486d3ca74afe3285ce5c9cabfe39
snippets/collection--sidebar.liquid:
  development: 2017-09-03T17:40:32-04:00   b53274904cf2b47ce2fb4c3e6d632bb3
snippets/collection-list--product-grid-item.liquid:
  development: 2017-09-10T14:36:20-04:00   c78ee68838f36c0ab30ee4887231b9fd
snippets/comment.liquid:
  development: 2017-09-03T17:40:32-04:00   c766e42be8a74e05533d0e5a0e3a9ce3
snippets/customer-accounts.liquid:
  development: 2017-09-03T17:40:32-04:00   0844d1ea24e4999a97e81ce12ae5feb5
snippets/desktop-nav.liquid:
  development: 2017-09-10T14:36:44-04:00   023ea857fbd964a6afade7ec51aed6af
snippets/footer-menu.liquid:
  development: 2017-09-10T14:36:50-04:00   d81d74c456f819a64be98028a00a05e4
snippets/footer-payments.liquid:
  development: 2017-09-03T17:40:32-04:00   b30c21ca958ffbd0e69710c6cd008ce2
snippets/footer.liquid:
  development: 2017-09-03T17:40:32-04:00   460ea62ff94db7eb04e16a7ddb1736a9
snippets/header.liquid:
  development: 2017-09-10T14:36:51-04:00   db3212d3c3c598ae1aec588c05730745
snippets/homepage--banners.liquid:
  development: 2017-09-10T14:36:29-04:00   736b1b6de216916b317e4b9409eeaa97
snippets/logo.liquid:
  development: 2017-09-03T17:40:32-04:00   84840d96db31dca25c825a68e7f60077
snippets/mobile-bar.liquid:
  development: 2017-09-10T14:36:10-04:00   447eead5b189539fd6df12f46d5e8148
snippets/nav--drawer.liquid:
  development: 2017-09-10T14:36:33-04:00   46d6b99b703dfaf796bccb79a9d02339
snippets/oldIE-js.liquid:
  development: 2017-09-03T17:40:33-04:00   1197cc7109944206a600ed5caaef6a6f
snippets/onboarding-empty-collection.liquid:
  development: 2017-09-03T17:40:33-04:00   b25d81b4ba1c3e279fa58a5aade16b43
snippets/onboarding-featured-collections.liquid:
  development: 2017-09-03T17:40:33-04:00   63d3e42eb5e78f32bdd7d7bb96c2aa81
snippets/onboarding-featured-products.liquid:
  development: 2017-09-03T17:40:33-04:00   6a32fc5786e0f1dc98a1f75897fca8b3
snippets/product--add-to-cart.liquid:
  development: 2017-09-03T17:40:33-04:00   a130bfada4b74eb9601f5d9db2922372
snippets/product--description.liquid:
  development: 2017-09-03T17:40:33-04:00   b95cc1bdd76d343ea2a201452620244c
snippets/product--primary-info.liquid:
  development: 2017-09-03T17:40:33-04:00   217091af398a3eeeb59931e2a4d296b3
snippets/product--promos.liquid:
  development: 2017-09-03T17:40:33-04:00   3cacaf0c1ad4e92f723fbdaa6ec74ca7
snippets/product--secondary-info.liquid:
  development: 2017-09-03T17:40:33-04:00   ae356075a92979f6be79328ae3998686
snippets/product--similar-products.liquid:
  development: 2017-09-03T17:40:33-04:00   94360cbcb420b6b87b9c613dbdfac5ca
snippets/product--tabs-shipping.liquid:
  development: 2017-09-10T14:36:15-04:00   5aa0cd8dbac41e6356067a21175487b9
snippets/product--tabs.liquid:
  development: 2017-09-03T17:40:33-04:00   abc3a3ba089f669db5d67130b31b0bee
snippets/product--tag-icons.liquid:
  development: 2017-09-10T14:36:12-04:00   17757b86c752520553c1ae73b1b7e31f
snippets/product-previous-product.liquid:
  development: 2017-09-03T17:40:33-04:00   519346934ad473cbc4d3502ed031f5c1
snippets/product-price.liquid:
  development: 2017-09-03T17:40:33-04:00   68ad1d119195ee584a1af4a6a48e12f2
snippets/respond.liquid:
  development: 2017-09-03T17:40:33-04:00   ca6abf0635dc2ad8c6bd377f83c79f6b
snippets/search-autocomplete.liquid:
  development: 2017-09-03T17:40:33-04:00   2b3b971be903514024659c860f356ad4
snippets/search-bar.liquid:
  development: 2017-09-03T17:40:33-04:00   2957eec517e37df91e2eb4d86bd64094
snippets/selectCallback.liquid:
  development: 2017-09-03T17:40:33-04:00   bb35ee5446ff3440245f3d4b60e92fc7
snippets/social-meta-tags.liquid:
  development: 2017-09-03T17:40:33-04:00   e7c97d7cb76c7925dd144dfb7b188cac
snippets/swatch.liquid:
  development: 2017-09-10T14:36:22-04:00   424861db26502e7bc5a9c9281f0484fe
snippets/tags-article.liquid:
  development: 2017-09-03T17:40:33-04:00   52bc59a44a51be2f1745559c2ba514a2
snippets/ticker-banner.liquid:
  development: 2017-09-03T17:40:33-04:00   ff3ce435539b7e6ca8a97e7acca41820
templates/404.liquid:
  development: 2017-09-10T14:36:37-04:00   130bbf058d52e09d228b83647f122c95
templates/account.liquid:
  development: 2017-09-10T14:36:31-04:00   da9e3584ef6699ac5c811b73b42c58db
templates/activate_account.liquid:
  development: 2017-09-10T14:36:33-04:00   d92bfce42f05a75de2f61cb6ba433e69
templates/addresses.liquid:
  development: 2017-09-10T14:36:10-04:00   998f4a7deb6a33d014cbc3f0075b8050
templates/article.liquid:
  development: 2017-09-03T17:40:33-04:00   f863e29dfe02fe7ac8de923a9f7d4cd7
templates/blog.liquid:
  development: 2017-09-03T17:40:34-04:00   997b66e91f1155cd28f4381bd5d5c43e
templates/cart.liquid:
  development: 2017-09-03T17:40:34-04:00   b6475f194d44411dba2a6de4b7d68883
templates/collection.facebook-catalog-feed.liquid:
  development: 2017-09-03T17:40:34-04:00   3bb26cd9d87b06f5a5f287c1882a6501
templates/collection.google-shopping-feed.liquid:
  development: 2017-09-03T17:40:34-04:00   3debc067ec8e48492ed8a4bbef29b4d9
templates/collection.liquid:
  development: 2017-09-10T14:36:34-04:00   a796d6ae6f9f3238dbe2ea41707a2c28
templates/collection.list.liquid:
  development: 2017-09-03T17:40:34-04:00   8024224324e729d45480667ea538bc23
templates/collection.overviews.liquid:
  development: 2017-09-10T14:36:49-04:00   347f2bacc5349a3f066bf79b0470984e
templates/gift_card.liquid:
  development: 2017-09-03T17:40:34-04:00   c1ae0f8232e003fac57213d1353e513c
templates/index.liquid:
  development: 2017-09-10T14:36:30-04:00   7308eab96582e49d0e23a605d308b15f
templates/list-collections.liquid:
  development: 2017-09-03T17:40:34-04:00   380da281c4820602d95334029b03aa84
templates/login.liquid:
  development: 2017-09-10T14:36:17-04:00   3a7f30e2139ea4528a9aeb1839c806c1
templates/order.liquid:
  development: 2017-09-10T14:36:27-04:00   e1aee100e77ab27ce88111f1b438d47a
templates/page.contact.liquid:
  development: 2017-09-03T17:40:34-04:00   1d694a5be30bd64695b503c2d4b928dc
templates/page.liquid:
  development: 2017-09-03T17:40:34-04:00   80d2bfaf64d3913b0d58418695cf4bbd
templates/product.liquid:
  development: 2017-09-03T17:40:34-04:00   a51ccbcc0cfd23d881ef219a3280af90
templates/register.liquid:
  development: 2017-09-10T14:36:56-04:00   4dfe14fb8395dc316eda94a4edd1120a
templates/reset_password.liquid:
  development: 2017-09-10T14:36:53-04:00   66ba7b680ca26b2eba0f162d4122d94c
templates/search.json.liquid:
  development: 2017-09-03T17:40:34-04:00   7889f4613d9ac54b37a10520c4469c63
templates/search.liquid:
  development: 2017-09-03T17:40:34-04:00   54b3894590319a9ad9190d54803ffc31
